<?xml version="1.0" encoding="utf-8"?>
<Project ToolsVersion="4.0" xmlns="http://schemas.microsoft.com/developer/msbuild/2003">
  <ItemGroup>
    <Filter Include="Source Files">
      <UniqueIdentifier>{4FC737F1-C7A5-4376-A066-2A32D752A2FF}</UniqueIdentifier>
      <Extensions>cpp;c;cc;cxx;c++;cppm;ixx;def;odl;idl;hpj;bat;asm;asmx</Extensions>
    </Filter>
    <Filter Include="Header Files">
      <UniqueIdentifier>{93995380-89BD-4b04-88EB-625FBE52EBFB}</UniqueIdentifier>
      <Extensions>h;hh;hpp;hxx;h++;hm;inl;inc;ipp;xsd</Extensions>
    </Filter>
    <Filter Include="Resource Files">
      <UniqueIdentifier>{67DA6AB6-F800-4c08-8B7A-83BB121AAD01}</UniqueIdentifier>
      <Extensions>rc;ico;cur;bmp;dlg;rc2;rct;bin;rgs;gif;jpg;jpeg;jpe;resx;tiff;tif;png;wav;mfcribbon-ms</Extensions>
    </Filter>
    <Filter Include="Source Files\controller">
      <UniqueIdentifier>{9f18608f-212c-4d43-8f3e-98cac51d9938}</UniqueIdentifier>
    </Filter>
    <Filter Include="Source Files\panel">
      <UniqueIdentifier>{393e7fd3-4dcf-4696-b56c-6b92cd642737}</UniqueIdentifier>
    </Filter>
    <Filter Include="Source Files\plugins">
      <UniqueIdentifier>{5cceac28-f9c5-48be-a5eb-d1d5c4cb26dd}</UniqueIdentifier>
    </Filter>
    <Filter Include="Source Files\handler">
      <UniqueIdentifier>{e901adeb-8b29-4363-9cc9-950d692c73bc}</UniqueIdentifier>
    </Filter>
    <Filter Include="Source Files\tools">
      <UniqueIdentifier>{1e842bb7-b928-4de2-9c3e-8daa4de687e9}</UniqueIdentifier>
    </Filter>
    <Filter Include="Source Files\plugins\maximum">
      <UniqueIdentifier>{0bfc7c56-c977-4e72-ac68-930bc674ff6e}</UniqueIdentifier>
    </Filter>
    <Filter Include="Source Files\plugins\minimum">
      <UniqueIdentifier>{bd3a443d-82a0-4d29-ba17-c973a7df5469}</UniqueIdentifier>
    </Filter>
    <Filter Include="Source Files\plugins\exclude">
      <UniqueIdentifier>{13aca417-ba60-4aa6-88c7-90ec7928c04b}</UniqueIdentifier>
    </Filter>
  </ItemGroup>
  <ItemGroup>
    <ClCompile Include="main.cpp">
      <Filter>Source Files</Filter>
    </ClCompile>
    <ClCompile Include="controller.cpp">
      <Filter>Source Files\controller</Filter>
    </ClCompile>
    <ClCompile Include="panel.cpp">
      <Filter>Source Files\panel</Filter>
    </ClCompile>
    <ClCompile Include="plugin.cpp">
      <Filter>Source Files\plugins</Filter>
    </ClCompile>
    <ClCompile Include="handler.cpp">
      <Filter>Source Files\handler</Filter>
    </ClCompile>
    <ClCompile Include="tools.cpp">
      <Filter>Source Files\tools</Filter>
    </ClCompile>
    <ClCompile Include="exclude.cpp">
      <Filter>Source Files\plugins\exclude</Filter>
    </ClCompile>
    <ClCompile Include="maximum.cpp">
      <Filter>Source Files\plugins\maximum</Filter>
    </ClCompile>
    <ClCompile Include="mininum.cpp">
      <Filter>Source Files\plugins\minimum</Filter>
    </ClCompile>
  </ItemGroup>
  <ItemGroup>
    <ClInclude Include="mininum.h">
      <Filter>Source Files\plugins\minimum</Filter>
    </ClInclude>
    <ClInclude Include="maximum.h">
      <Filter>Source Files\plugins\maximum</Filter>
    </ClInclude>
    <ClInclude Include="exclude.h">
      <Filter>Source Files\plugins\exclude</Filter>
    </ClInclude>
    <ClInclude Include="plugin.h">
      <Filter>Source Files\plugins</Filter>
    </ClInclude>
    <ClInclude Include="tools.h">
      <Filter>Source Files\tools</Filter>
    </ClInclude>
    <ClInclude Include="handler.h">
      <Filter>Source Files\handler</Filter>
    </ClInclude>
    <ClInclude Include="panel.h">
      <Filter>Source Files\panel</Filter>
    </ClInclude>
    <ClInclude Include="controller.h">
      <Filter>Source Files\controller</Filter>
    </ClInclude>
  </ItemGroup>
</Project>